{
  "version": 4,
  "terraform_version": "1.7.1",
  "serial": 465,
  "lineage": "cd6acb7f-5b90-52ec-2f2b-be0d60d80092",
  "outputs": {},
  "resources": [
    {
      "mode": "data",
      "type": "vkcs_networking_network",
      "name": "internet",
      "provider": "provider[\"registry.terraform.io/vk-cs/vkcs\"]",
      "instances": [
        {
          "schema_version": 0,
          "attributes": {
            "admin_state_up": "true",
            "all_tags": [
              "red"
            ],
            "description": "",
            "external": true,
            "id": "ec8c610e-6387-447e-83d2-d2c541e88164",
            "matching_subnet_cidr": null,
            "name": "internet",
            "network_id": "ec8c610e-6387-447e-83d2-d2c541e88164",
            "private_dns_domain": "",
            "region": "RegionOne",
            "sdn": "sprut",
            "shared": "true",
            "status": null,
            "subnets": [
              "09dad209-7765-4845-9fd1-d49f8ff0f66e",
              "0a0ac2d6-871b-4fbc-b408-298ccbed3f51",
              "0bf794b5-470c-4a01-be49-bbc2f849a88f",
              "1a8fc312-df60-438f-8946-635a138ef0cb",
              "1c623b92-146c-46a6-9ffd-fa69eb2239b7",
              "28085d45-65a7-4a37-b15f-55dffa9dcb7b",
              "2b017844-a61c-4087-8e74-cc6972f52a77",
              "2ea7332d-4ad2-4341-8bc5-76937d4894f4",
              "4516f4ad-3b84-402b-923a-88864bfa20b8",
              "4634d136-1553-45e0-9e00-49393022c5ac",
              "4675a124-2b97-4e75-8f23-82dc7d53c820",
              "4a6a7814-8ea3-402c-b0c7-333c332af113",
              "4bb55beb-0650-4d60-a3a0-8a38210440d7",
              "533a9238-075e-43b6-a3d0-dc1a4c1fe00d",
              "6a0246a8-a117-4725-a38c-7f93952e0994",
              "6ef2517a-2d28-43bd-9df2-ee70cafdc141",
              "72427904-ed22-4a74-b718-a33567991d44",
              "7b0efc8a-c181-4e02-9fb1-31fa4eecc693",
              "8210deff-3c76-4d53-b9b8-c83e0f8774c9",
              "8b39b012-cc62-4c74-ba00-41aa86733bcd",
              "94319a0a-80be-4a90-8312-58dc5c6ad373",
              "9434a136-e928-4fd4-816a-24016025fa10",
              "96ca0921-defc-4571-b5e1-38a9732a7093",
              "abdc8333-6aee-48e1-9936-ac44d36bfb1b",
              "b017f958-47c3-47f5-9b87-8f11b847d4c6",
              "b12dd40c-f688-4d97-9a2a-09858cbf2be8",
              "b1909020-40b7-42d7-b9fa-1824f08943cd",
              "b1afddc6-aee5-42ef-9381-029d2d4d9025",
              "b3899b8b-8fae-401b-8e8d-fc99dd404e9b",
              "b8a8d5d3-977b-46f4-82b2-dbff91c4fe6e",
              "bc0d91ec-1c4b-427b-97c8-7d645ccc506b",
              "c3a71dad-ebf8-467c-8375-9c6294a54859",
              "ce5f81a2-09c4-41cd-9372-1f75c39e5a49",
              "d1305dae-0d6e-4c9a-860c-b6a86f861530",
              "d16bbc0a-1d27-4315-bb59-bd8939e4bf02",
              "d3d27388-583c-4d6c-9f9e-b682b3b2a59e",
              "db5aaef4-7edf-4f93-9fab-e09c3ac2ffba",
              "e0a3358b-b37e-4e1e-b811-1d75c68f6390",
              "e45db33a-81e0-413f-a910-ac8e796ef3c6",
              "fd9e947b-d940-4af7-9579-33cbd08e5e37"
            ],
            "tags": null,
            "tenant_id": "9d013ed7c41e4bf38dd91f899e40185a",
            "vkcs_services_access": false
          },
          "sensitive_attributes": []
        }
      ]
    },
    {
      "mode": "managed",
      "type": "vkcs_compute_instance",
      "name": "WEB1",
      "provider": "provider[\"registry.terraform.io/vk-cs/vkcs\"]",
      "instances": [
        {
          "schema_version": 0,
          "attributes": {
            "access_ip_v4": "192.168.199.129",
            "admin_pass": null,
            "all_metadata": {},
            "all_tags": [],
            "availability_zone": "GZ1",
            "block_device": [
              {
                "boot_index": 0,
                "delete_on_termination": true,
                "destination_type": "volume",
                "device_type": "",
                "disk_bus": "",
                "guest_format": "",
                "source_type": "image",
                "uuid": "785bd3c3-6d63-44f8-b2ad-4e37afc38a38",
                "volume_size": 15,
                "volume_type": "ceph-hdd"
              }
            ],
            "cloud_monitoring": [],
            "config_drive": null,
            "flavor_id": "9cdbca68-5e15-4c54-979d-9952785ba33e",
            "flavor_name": "STD2-1-1",
            "force_delete": false,
            "id": "ef5f1e3a-12b0-4275-8175-bc78d033f30c",
            "image_id": "Attempt to boot from volume - no image supplied",
            "image_name": null,
            "key_pair": "existing-key-tf-example",
            "metadata": null,
            "name": "WEB1",
            "network": [
              {
                "access_network": false,
                "fixed_ip_v4": "192.168.199.129",
                "mac": "fa:16:3e:9d:74:c8",
                "name": "app-tf-net",
                "port": "8de6b1eb-8c2d-41a3-987c-c794d26cbc9e",
                "uuid": "b53da837-f0a4-43a5-8b05-8e4ad72a1064"
              }
            ],
            "network_mode": null,
            "personality": [],
            "power_state": "active",
            "region": "RegionOne",
            "scheduler_hints": [],
            "security_group_ids": [
              "485e8bd9-ae6f-4542-b47a-b85bc638f415",
              "7c9a6d85-1f9e-4214-8fd2-7402537c3f9a"
            ],
            "security_groups": [
              "default",
              "icmp",
              "ssh"
            ],
            "stop_before_destroy": false,
            "tags": [],
            "timeouts": null,
            "user_data": null,
            "vendor_options": []
          },
          "sensitive_attributes": [],
          "private": "eyJlMmJmYjczMC1lY2FhLTExZTYtOGY4OC0zNDM2M2JjN2M0YzAiOnsiY3JlYXRlIjoxODAwMDAwMDAwMDAwLCJkZWxldGUiOjE4MDAwMDAwMDAwMDAsInVwZGF0ZSI6MTgwMDAwMDAwMDAwMH19",
          "dependencies": [
            "data.vkcs_networking_network.internet",
            "vkcs_compute_keypair.key",
            "vkcs_networking_network.app",
            "vkcs_networking_port.WEB1_port",
            "vkcs_networking_router.router",
            "vkcs_networking_router_interface.app",
            "vkcs_networking_secgroup.admin",
            "vkcs_networking_subnet.app"
          ]
        }
      ]
    },
    {
      "mode": "managed",
      "type": "vkcs_compute_instance",
      "name": "WEB2",
      "provider": "provider[\"registry.terraform.io/vk-cs/vkcs\"]",
      "instances": [
        {
          "schema_version": 0,
          "attributes": {
            "access_ip_v4": "192.168.199.74",
            "admin_pass": null,
            "all_metadata": {},
            "all_tags": [],
            "availability_zone": "GZ1",
            "block_device": [
              {
                "boot_index": 0,
                "delete_on_termination": true,
                "destination_type": "volume",
                "device_type": "",
                "disk_bus": "",
                "guest_format": "",
                "source_type": "image",
                "uuid": "785bd3c3-6d63-44f8-b2ad-4e37afc38a38",
                "volume_size": 15,
                "volume_type": "ceph-hdd"
              }
            ],
            "cloud_monitoring": [],
            "config_drive": null,
            "flavor_id": "9cdbca68-5e15-4c54-979d-9952785ba33e",
            "flavor_name": "STD2-1-1",
            "force_delete": false,
            "id": "f896529d-5c9f-442b-8e00-c5d78a8dc928",
            "image_id": "Attempt to boot from volume - no image supplied",
            "image_name": null,
            "key_pair": "existing-key-tf-example",
            "metadata": null,
            "name": "WEB2",
            "network": [
              {
                "access_network": false,
                "fixed_ip_v4": "192.168.199.74",
                "mac": "fa:16:3e:d6:d0:e0",
                "name": "app-tf-net",
                "port": "730e4028-b6fc-4f65-a26e-d912098dcfc8",
                "uuid": "b53da837-f0a4-43a5-8b05-8e4ad72a1064"
              }
            ],
            "network_mode": null,
            "personality": [],
            "power_state": "active",
            "region": "RegionOne",
            "scheduler_hints": [],
            "security_group_ids": [
              "485e8bd9-ae6f-4542-b47a-b85bc638f415",
              "7c9a6d85-1f9e-4214-8fd2-7402537c3f9a"
            ],
            "security_groups": [
              "default",
              "icmp",
              "ssh"
            ],
            "stop_before_destroy": false,
            "tags": [],
            "timeouts": null,
            "user_data": null,
            "vendor_options": []
          },
          "sensitive_attributes": [],
          "private": "eyJlMmJmYjczMC1lY2FhLTExZTYtOGY4OC0zNDM2M2JjN2M0YzAiOnsiY3JlYXRlIjoxODAwMDAwMDAwMDAwLCJkZWxldGUiOjE4MDAwMDAwMDAwMDAsInVwZGF0ZSI6MTgwMDAwMDAwMDAwMH19",
          "dependencies": [
            "data.vkcs_networking_network.internet",
            "vkcs_compute_keypair.key",
            "vkcs_networking_network.app",
            "vkcs_networking_port.WEB2_port",
            "vkcs_networking_router.router",
            "vkcs_networking_router_interface.app",
            "vkcs_networking_secgroup.admin",
            "vkcs_networking_subnet.app"
          ]
        }
      ]
    },
    {
      "mode": "managed",
      "type": "vkcs_compute_keypair",
      "name": "key",
      "provider": "provider[\"registry.terraform.io/vk-cs/vkcs\"]",
      "instances": [
        {
          "schema_version": 0,
          "attributes": {
            "fingerprint": "25:ab:93:68:01:65:29:00:be:ba:21:e1:22:5a:7d:31",
            "id": "existing-key-tf-example",
            "name": "existing-key-tf-example",
            "private_key": "",
            "public_key": "ssh-rsa AAAAB3NzaC1yc2EAAAADAQABAAABAQDBmPVkJdYrTKfjXmRRMFfH1Vu45s7lWBaME/i7ssu8na/HrtVeb8Sz3XHWzrL/Xk9Bc+AGt2jdyVPUWLagPc1WnISYkDaokQ8WFSmn2CwU7du/vGMpEbZMrxfYYruOQ/0yDsmpfj9kfRT4jZWfaqk3E+rWlwn3A7QR5LnfG/KKhSRnrD7VeewxRVD+Vaxsc0Q+93ZfK+I/adBj0gCP+LohbRsQYj+kkQYmRtq73XiCfHYXZYQAx/9e3Ucgqi1gEHAjgJhUBLEdtmiYwXcTSDmRhPaUZ0Wi5J4+YMbJtpYOF3ce52M6HkmZdpZeJe9A2rUltwuKTrSYpeXL4Z2IgOdr almetpt\\superadmin@234-3\n",
            "region": "RegionOne",
            "value_specs": null
          },
          "sensitive_attributes": [],
          "private": "bnVsbA=="
        }
      ]
    },
    {
      "mode": "managed",
      "type": "vkcs_lb_listener",
      "name": "app_http",
      "provider": "provider[\"registry.terraform.io/vk-cs/vkcs\"]",
      "instances": [
        {
          "schema_version": 0,
          "attributes": {
            "admin_state_up": true,
            "allowed_cidrs": [],
            "connection_limit": -1,
            "default_pool_id": "d1947f8a-59f4-486a-bb78-f559e89a82d4",
            "default_tls_container_ref": "",
            "description": "Listener for resources/datasources testing",
            "id": "0f18f859-e07a-46c6-9e7e-c1c52ea6a760",
            "insert_headers": {},
            "loadbalancer_id": "822e8e4e-ff2c-4f7a-8b08-54081e529a6d",
            "name": "app-http-tf-example",
            "protocol": "HTTP",
            "protocol_port": 80,
            "region": "RegionOne",
            "sni_container_refs": [],
            "timeout_client_data": 50000,
            "timeout_member_connect": 5000,
            "timeout_member_data": 50000,
            "timeout_tcp_inspect": 0,
            "timeouts": null
          },
          "sensitive_attributes": [],
          "private": "eyJlMmJmYjczMC1lY2FhLTExZTYtOGY4OC0zNDM2M2JjN2M0YzAiOnsiY3JlYXRlIjo2MDAwMDAwMDAwMDAsImRlbGV0ZSI6NjAwMDAwMDAwMDAwLCJ1cGRhdGUiOjYwMDAwMDAwMDAwMH19",
          "dependencies": [
            "vkcs_lb_loadbalancer.app",
            "vkcs_networking_network.app",
            "vkcs_networking_subnet.app"
          ]
        }
      ]
    },
    {
      "mode": "managed",
      "type": "vkcs_lb_listener",
      "name": "app_https",
      "provider": "provider[\"registry.terraform.io/vk-cs/vkcs\"]",
      "instances": [
        {
          "schema_version": 0,
          "attributes": {
            "admin_state_up": true,
            "allowed_cidrs": [],
            "connection_limit": -1,
            "default_pool_id": "fa8fea8d-4b89-48d2-9467-8da8a83dc621",
            "default_tls_container_ref": "",
            "description": "Listener for resources/datasources testing",
            "id": "19f845a2-da96-4e97-9892-11207bce39fe",
            "insert_headers": {},
            "loadbalancer_id": "822e8e4e-ff2c-4f7a-8b08-54081e529a6d",
            "name": "app-http-tf-example",
            "protocol": "HTTPS",
            "protocol_port": 443,
            "region": "RegionOne",
            "sni_container_refs": [],
            "timeout_client_data": 50000,
            "timeout_member_connect": 5000,
            "timeout_member_data": 50000,
            "timeout_tcp_inspect": 0,
            "timeouts": null
          },
          "sensitive_attributes": [],
          "private": "eyJlMmJmYjczMC1lY2FhLTExZTYtOGY4OC0zNDM2M2JjN2M0YzAiOnsiY3JlYXRlIjo2MDAwMDAwMDAwMDAsImRlbGV0ZSI6NjAwMDAwMDAwMDAwLCJ1cGRhdGUiOjYwMDAwMDAwMDAwMH19",
          "dependencies": [
            "vkcs_lb_loadbalancer.app",
            "vkcs_networking_network.app",
            "vkcs_networking_subnet.app"
          ]
        }
      ]
    },
    {
      "mode": "managed",
      "type": "vkcs_lb_loadbalancer",
      "name": "app",
      "provider": "provider[\"registry.terraform.io/vk-cs/vkcs\"]",
      "instances": [
        {
          "schema_version": 0,
          "attributes": {
            "admin_state_up": true,
            "availability_zone": "",
            "description": "Loadbalancer for resources/datasources testing",
            "id": "822e8e4e-ff2c-4f7a-8b08-54081e529a6d",
            "name": "app-tf",
            "region": "RegionOne",
            "security_group_ids": [],
            "tags": [],
            "timeouts": null,
            "vip_address": "192.168.199.145",
            "vip_network_id": "b53da837-f0a4-43a5-8b05-8e4ad72a1064",
            "vip_port_id": "20b21300-8221-434d-897a-519f63978fe2",
            "vip_subnet_id": "b0312c40-eddd-415e-8883-a2196fc69515"
          },
          "sensitive_attributes": [],
          "private": "eyJlMmJmYjczMC1lY2FhLTExZTYtOGY4OC0zNDM2M2JjN2M0YzAiOnsiY3JlYXRlIjo2MDAwMDAwMDAwMDAsImRlbGV0ZSI6MzAwMDAwMDAwMDAwLCJ1cGRhdGUiOjYwMDAwMDAwMDAwMH19",
          "dependencies": [
            "vkcs_networking_network.app",
            "vkcs_networking_subnet.app"
          ]
        }
      ]
    },
    {
      "mode": "managed",
      "type": "vkcs_lb_member",
      "name": "front_http1",
      "provider": "provider[\"registry.terraform.io/vk-cs/vkcs\"]",
      "instances": [
        {
          "schema_version": 0,
          "attributes": {
            "address": "192.168.199.129",
            "admin_state_up": true,
            "id": "e6179abc-5505-4d19-bc16-b5cce95cc558",
            "name": "",
            "pool_id": "d1947f8a-59f4-486a-bb78-f559e89a82d4",
            "protocol_port": 80,
            "region": "RegionOne",
            "subnet_id": "",
            "timeouts": null,
            "weight": 1
          },
          "sensitive_attributes": [],
          "private": "eyJlMmJmYjczMC1lY2FhLTExZTYtOGY4OC0zNDM2M2JjN2M0YzAiOnsiY3JlYXRlIjo2MDAwMDAwMDAwMDAsImRlbGV0ZSI6NjAwMDAwMDAwMDAwLCJ1cGRhdGUiOjYwMDAwMDAwMDAwMH19",
          "dependencies": [
            "data.vkcs_networking_network.internet",
            "vkcs_compute_instance.WEB1",
            "vkcs_compute_keypair.key",
            "vkcs_lb_listener.app_http",
            "vkcs_lb_loadbalancer.app",
            "vkcs_lb_pool.http",
            "vkcs_networking_network.app",
            "vkcs_networking_port.WEB1_port",
            "vkcs_networking_router.router",
            "vkcs_networking_router_interface.app",
            "vkcs_networking_secgroup.admin",
            "vkcs_networking_subnet.app"
          ]
        }
      ]
    },
    {
      "mode": "managed",
      "type": "vkcs_lb_member",
      "name": "front_http2",
      "provider": "provider[\"registry.terraform.io/vk-cs/vkcs\"]",
      "instances": [
        {
          "schema_version": 0,
          "attributes": {
            "address": "192.168.199.74",
            "admin_state_up": true,
            "id": "e0b8c44a-77a0-4b55-8a18-dc91b955525c",
            "name": "",
            "pool_id": "d1947f8a-59f4-486a-bb78-f559e89a82d4",
            "protocol_port": 80,
            "region": "RegionOne",
            "subnet_id": "",
            "timeouts": null,
            "weight": 1
          },
          "sensitive_attributes": [],
          "private": "eyJlMmJmYjczMC1lY2FhLTExZTYtOGY4OC0zNDM2M2JjN2M0YzAiOnsiY3JlYXRlIjo2MDAwMDAwMDAwMDAsImRlbGV0ZSI6NjAwMDAwMDAwMDAwLCJ1cGRhdGUiOjYwMDAwMDAwMDAwMH19",
          "dependencies": [
            "data.vkcs_networking_network.internet",
            "vkcs_compute_instance.WEB2",
            "vkcs_compute_keypair.key",
            "vkcs_lb_listener.app_http",
            "vkcs_lb_loadbalancer.app",
            "vkcs_lb_pool.http",
            "vkcs_networking_network.app",
            "vkcs_networking_port.WEB2_port",
            "vkcs_networking_router.router",
            "vkcs_networking_router_interface.app",
            "vkcs_networking_secgroup.admin",
            "vkcs_networking_subnet.app"
          ]
        }
      ]
    },
    {
      "mode": "managed",
      "type": "vkcs_lb_member",
      "name": "front_https1",
      "provider": "provider[\"registry.terraform.io/vk-cs/vkcs\"]",
      "instances": [
        {
          "schema_version": 0,
          "attributes": {
            "address": "192.168.199.129",
            "admin_state_up": true,
            "id": "82dab7c5-62d4-4f1e-a3d6-249fb529f5b5",
            "name": "",
            "pool_id": "fa8fea8d-4b89-48d2-9467-8da8a83dc621",
            "protocol_port": 443,
            "region": "RegionOne",
            "subnet_id": "",
            "timeouts": null,
            "weight": 1
          },
          "sensitive_attributes": [],
          "private": "eyJlMmJmYjczMC1lY2FhLTExZTYtOGY4OC0zNDM2M2JjN2M0YzAiOnsiY3JlYXRlIjo2MDAwMDAwMDAwMDAsImRlbGV0ZSI6NjAwMDAwMDAwMDAwLCJ1cGRhdGUiOjYwMDAwMDAwMDAwMH19",
          "dependencies": [
            "data.vkcs_networking_network.internet",
            "vkcs_compute_instance.WEB1",
            "vkcs_compute_keypair.key",
            "vkcs_lb_listener.app_https",
            "vkcs_lb_loadbalancer.app",
            "vkcs_lb_pool.https",
            "vkcs_networking_network.app",
            "vkcs_networking_port.WEB1_port",
            "vkcs_networking_router.router",
            "vkcs_networking_router_interface.app",
            "vkcs_networking_secgroup.admin",
            "vkcs_networking_subnet.app"
          ]
        }
      ]
    },
    {
      "mode": "managed",
      "type": "vkcs_lb_member",
      "name": "front_https2",
      "provider": "provider[\"registry.terraform.io/vk-cs/vkcs\"]",
      "instances": [
        {
          "schema_version": 0,
          "attributes": {
            "address": "192.168.199.74",
            "admin_state_up": true,
            "id": "dd9fcb80-aa9d-465e-b05f-074d3f731cdd",
            "name": "",
            "pool_id": "fa8fea8d-4b89-48d2-9467-8da8a83dc621",
            "protocol_port": 443,
            "region": "RegionOne",
            "subnet_id": "",
            "timeouts": null,
            "weight": 1
          },
          "sensitive_attributes": [],
          "private": "eyJlMmJmYjczMC1lY2FhLTExZTYtOGY4OC0zNDM2M2JjN2M0YzAiOnsiY3JlYXRlIjo2MDAwMDAwMDAwMDAsImRlbGV0ZSI6NjAwMDAwMDAwMDAwLCJ1cGRhdGUiOjYwMDAwMDAwMDAwMH19",
          "dependencies": [
            "data.vkcs_networking_network.internet",
            "vkcs_compute_instance.WEB2",
            "vkcs_compute_keypair.key",
            "vkcs_lb_listener.app_https",
            "vkcs_lb_loadbalancer.app",
            "vkcs_lb_pool.https",
            "vkcs_networking_network.app",
            "vkcs_networking_port.WEB2_port",
            "vkcs_networking_router.router",
            "vkcs_networking_router_interface.app",
            "vkcs_networking_secgroup.admin",
            "vkcs_networking_subnet.app"
          ]
        }
      ]
    },
    {
      "mode": "managed",
      "type": "vkcs_lb_pool",
      "name": "http",
      "provider": "provider[\"registry.terraform.io/vk-cs/vkcs\"]",
      "instances": [
        {
          "schema_version": 0,
          "attributes": {
            "admin_state_up": true,
            "description": "Pool for http member/members testing",
            "id": "d1947f8a-59f4-486a-bb78-f559e89a82d4",
            "lb_method": "ROUND_ROBIN",
            "listener_id": "0f18f859-e07a-46c6-9e7e-c1c52ea6a760",
            "loadbalancer_id": null,
            "name": "http-tf",
            "persistence": [
              {
                "cookie_name": "",
                "type": ""
              }
            ],
            "protocol": "HTTP",
            "region": "RegionOne",
            "timeouts": null
          },
          "sensitive_attributes": [],
          "private": "eyJlMmJmYjczMC1lY2FhLTExZTYtOGY4OC0zNDM2M2JjN2M0YzAiOnsiY3JlYXRlIjo2MDAwMDAwMDAwMDAsImRlbGV0ZSI6NjAwMDAwMDAwMDAwLCJ1cGRhdGUiOjYwMDAwMDAwMDAwMH19",
          "dependencies": [
            "vkcs_lb_listener.app_http",
            "vkcs_lb_loadbalancer.app",
            "vkcs_networking_network.app",
            "vkcs_networking_subnet.app"
          ]
        }
      ]
    },
    {
      "mode": "managed",
      "type": "vkcs_lb_pool",
      "name": "https",
      "provider": "provider[\"registry.terraform.io/vk-cs/vkcs\"]",
      "instances": [
        {
          "schema_version": 0,
          "attributes": {
            "admin_state_up": true,
            "description": "Pool for http member/members testing",
            "id": "fa8fea8d-4b89-48d2-9467-8da8a83dc621",
            "lb_method": "ROUND_ROBIN",
            "listener_id": "19f845a2-da96-4e97-9892-11207bce39fe",
            "loadbalancer_id": null,
            "name": "http-tf",
            "persistence": [
              {
                "cookie_name": "",
                "type": ""
              }
            ],
            "protocol": "HTTPS",
            "region": "RegionOne",
            "timeouts": null
          },
          "sensitive_attributes": [],
          "private": "eyJlMmJmYjczMC1lY2FhLTExZTYtOGY4OC0zNDM2M2JjN2M0YzAiOnsiY3JlYXRlIjo2MDAwMDAwMDAwMDAsImRlbGV0ZSI6NjAwMDAwMDAwMDAwLCJ1cGRhdGUiOjYwMDAwMDAwMDAwMH19",
          "dependencies": [
            "vkcs_lb_listener.app_https",
            "vkcs_lb_loadbalancer.app",
            "vkcs_networking_network.app",
            "vkcs_networking_subnet.app"
          ]
        }
      ]
    },
    {
      "mode": "managed",
      "type": "vkcs_networking_floatingip",
      "name": "WEB1_associated_fip",
      "provider": "provider[\"registry.terraform.io/vk-cs/vkcs\"]",
      "instances": [
        {
          "schema_version": 0,
          "attributes": {
            "address": "212.233.91.6",
            "description": "",
            "fixed_ip": "192.168.199.129",
            "id": "0f4b008f-a3ed-4110-ad0f-548333fe07fa",
            "pool": "internet",
            "port_id": "8de6b1eb-8c2d-41a3-987c-c794d26cbc9e",
            "region": "RegionOne",
            "sdn": "sprut",
            "subnet_id": null,
            "subnet_ids": null,
            "timeouts": null,
            "value_specs": null
          },
          "sensitive_attributes": [],
          "private": "eyJlMmJmYjczMC1lY2FhLTExZTYtOGY4OC0zNDM2M2JjN2M0YzAiOnsiY3JlYXRlIjo2MDAwMDAwMDAwMDAsImRlbGV0ZSI6NjAwMDAwMDAwMDAwfX0=",
          "dependencies": [
            "vkcs_networking_network.app",
            "vkcs_networking_port.WEB1_port",
            "vkcs_networking_subnet.app"
          ]
        }
      ]
    },
    {
      "mode": "managed",
      "type": "vkcs_networking_floatingip",
      "name": "WEB2_associated_fip",
      "provider": "provider[\"registry.terraform.io/vk-cs/vkcs\"]",
      "instances": [
        {
          "schema_version": 0,
          "attributes": {
            "address": "212.233.91.9",
            "description": "",
            "fixed_ip": "192.168.199.74",
            "id": "c04066a4-b7b7-45ef-9435-ee99d928a2aa",
            "pool": "internet",
            "port_id": "730e4028-b6fc-4f65-a26e-d912098dcfc8",
            "region": "RegionOne",
            "sdn": "sprut",
            "subnet_id": null,
            "subnet_ids": null,
            "timeouts": null,
            "value_specs": null
          },
          "sensitive_attributes": [],
          "private": "eyJlMmJmYjczMC1lY2FhLTExZTYtOGY4OC0zNDM2M2JjN2M0YzAiOnsiY3JlYXRlIjo2MDAwMDAwMDAwMDAsImRlbGV0ZSI6NjAwMDAwMDAwMDAwfX0=",
          "dependencies": [
            "vkcs_networking_network.app",
            "vkcs_networking_port.WEB2_port",
            "vkcs_networking_subnet.app"
          ]
        }
      ]
    },
    {
      "mode": "managed",
      "type": "vkcs_networking_floatingip",
      "name": "associated_fip",
      "provider": "provider[\"registry.terraform.io/vk-cs/vkcs\"]",
      "instances": [
        {
          "schema_version": 0,
          "attributes": {
            "address": "212.233.90.248",
            "description": "",
            "fixed_ip": "192.168.199.145",
            "id": "eee93659-0708-426f-9bca-c56c789cd0c2",
            "pool": "internet",
            "port_id": "20b21300-8221-434d-897a-519f63978fe2",
            "region": "RegionOne",
            "sdn": "sprut",
            "subnet_id": null,
            "subnet_ids": null,
            "timeouts": null,
            "value_specs": null
          },
          "sensitive_attributes": [],
          "private": "eyJlMmJmYjczMC1lY2FhLTExZTYtOGY4OC0zNDM2M2JjN2M0YzAiOnsiY3JlYXRlIjo2MDAwMDAwMDAwMDAsImRlbGV0ZSI6NjAwMDAwMDAwMDAwfX0=",
          "dependencies": [
            "vkcs_lb_loadbalancer.app",
            "vkcs_networking_network.app",
            "vkcs_networking_subnet.app"
          ]
        }
      ]
    },
    {
      "mode": "managed",
      "type": "vkcs_networking_floatingip",
      "name": "base_fip",
      "provider": "provider[\"registry.terraform.io/vk-cs/vkcs\"]",
      "instances": [
        {
          "schema_version": 0,
          "attributes": {
            "address": "212.233.91.80",
            "description": "floating ip in external net tf example",
            "fixed_ip": "",
            "id": "cf07d8b3-106a-4e52-b1c1-2372d30fac62",
            "pool": "internet",
            "port_id": "",
            "region": "RegionOne",
            "sdn": "sprut",
            "subnet_id": null,
            "subnet_ids": null,
            "timeouts": null,
            "value_specs": null
          },
          "sensitive_attributes": [],
          "private": "eyJlMmJmYjczMC1lY2FhLTExZTYtOGY4OC0zNDM2M2JjN2M0YzAiOnsiY3JlYXRlIjo2MDAwMDAwMDAwMDAsImRlbGV0ZSI6NjAwMDAwMDAwMDAwfX0="
        }
      ]
    },
    {
      "mode": "managed",
      "type": "vkcs_networking_network",
      "name": "app",
      "provider": "provider[\"registry.terraform.io/vk-cs/vkcs\"]",
      "instances": [
        {
          "schema_version": 0,
          "attributes": {
            "admin_state_up": true,
            "all_tags": [],
            "description": "",
            "id": "b53da837-f0a4-43a5-8b05-8e4ad72a1064",
            "name": "app-tf-net",
            "port_security_enabled": true,
            "private_dns_domain": "mcs.local.",
            "region": "RegionOne",
            "sdn": "sprut",
            "tags": [],
            "timeouts": null,
            "value_specs": null,
            "vkcs_services_access": false
          },
          "sensitive_attributes": [],
          "private": "eyJlMmJmYjczMC1lY2FhLTExZTYtOGY4OC0zNDM2M2JjN2M0YzAiOnsiY3JlYXRlIjo2MDAwMDAwMDAwMDAsImRlbGV0ZSI6NjAwMDAwMDAwMDAwfX0="
        }
      ]
    },
    {
      "mode": "managed",
      "type": "vkcs_networking_port",
      "name": "WEB1_port",
      "provider": "provider[\"registry.terraform.io/vk-cs/vkcs\"]",
      "instances": [
        {
          "schema_version": 0,
          "attributes": {
            "admin_state_up": true,
            "all_fixed_ips": [
              "192.168.199.129"
            ],
            "all_security_group_ids": [
              "485e8bd9-ae6f-4542-b47a-b85bc638f415",
              "7c9a6d85-1f9e-4214-8fd2-7402537c3f9a"
            ],
            "all_tags": [],
            "allowed_address_pairs": [],
            "description": "",
            "device_id": "ef5f1e3a-12b0-4275-8175-bc78d033f30c",
            "device_owner": "compute:GZ1",
            "dns_assignment": [],
            "dns_name": "web1",
            "extra_dhcp_option": [],
            "fixed_ip": [
              {
                "ip_address": "",
                "subnet_id": "b0312c40-eddd-415e-8883-a2196fc69515"
              }
            ],
            "full_security_groups_control": false,
            "id": "8de6b1eb-8c2d-41a3-987c-c794d26cbc9e",
            "mac_address": "fa:16:3e:9d:74:c8",
            "name": "WEB1_port",
            "network_id": "b53da837-f0a4-43a5-8b05-8e4ad72a1064",
            "no_fixed_ip": null,
            "no_security_groups": null,
            "port_security_enabled": true,
            "region": "RegionOne",
            "sdn": "sprut",
            "security_group_ids": [
              "485e8bd9-ae6f-4542-b47a-b85bc638f415",
              "7c9a6d85-1f9e-4214-8fd2-7402537c3f9a"
            ],
            "tags": [],
            "timeouts": null,
            "value_specs": null
          },
          "sensitive_attributes": [],
          "private": "eyJlMmJmYjczMC1lY2FhLTExZTYtOGY4OC0zNDM2M2JjN2M0YzAiOnsiY3JlYXRlIjo2MDAwMDAwMDAwMDAsImRlbGV0ZSI6NjAwMDAwMDAwMDAwfX0=",
          "dependencies": [
            "vkcs_networking_network.app",
            "vkcs_networking_subnet.app"
          ]
        }
      ]
    },
    {
      "mode": "managed",
      "type": "vkcs_networking_port",
      "name": "WEB2_port",
      "provider": "provider[\"registry.terraform.io/vk-cs/vkcs\"]",
      "instances": [
        {
          "schema_version": 0,
          "attributes": {
            "admin_state_up": true,
            "all_fixed_ips": [
              "192.168.199.74"
            ],
            "all_security_group_ids": [
              "485e8bd9-ae6f-4542-b47a-b85bc638f415",
              "7c9a6d85-1f9e-4214-8fd2-7402537c3f9a"
            ],
            "all_tags": [
              "default",
              "ssh"
            ],
            "allowed_address_pairs": [],
            "description": "",
            "device_id": "f896529d-5c9f-442b-8e00-c5d78a8dc928",
            "device_owner": "compute:GZ1",
            "dns_assignment": [],
            "dns_name": "web2",
            "extra_dhcp_option": [],
            "fixed_ip": [
              {
                "ip_address": "",
                "subnet_id": "b0312c40-eddd-415e-8883-a2196fc69515"
              }
            ],
            "full_security_groups_control": false,
            "id": "730e4028-b6fc-4f65-a26e-d912098dcfc8",
            "mac_address": "fa:16:3e:d6:d0:e0",
            "name": "WEB2_port",
            "network_id": "b53da837-f0a4-43a5-8b05-8e4ad72a1064",
            "no_fixed_ip": null,
            "no_security_groups": null,
            "port_security_enabled": true,
            "region": "RegionOne",
            "sdn": "sprut",
            "security_group_ids": [
              "485e8bd9-ae6f-4542-b47a-b85bc638f415",
              "7c9a6d85-1f9e-4214-8fd2-7402537c3f9a"
            ],
            "tags": [],
            "timeouts": null,
            "value_specs": null
          },
          "sensitive_attributes": [],
          "private": "eyJlMmJmYjczMC1lY2FhLTExZTYtOGY4OC0zNDM2M2JjN2M0YzAiOnsiY3JlYXRlIjo2MDAwMDAwMDAwMDAsImRlbGV0ZSI6NjAwMDAwMDAwMDAwfX0=",
          "dependencies": [
            "vkcs_networking_network.app",
            "vkcs_networking_subnet.app"
          ]
        }
      ]
    },
    {
      "mode": "managed",
      "type": "vkcs_networking_router",
      "name": "router",
      "provider": "provider[\"registry.terraform.io/vk-cs/vkcs\"]",
      "instances": [
        {
          "schema_version": 0,
          "attributes": {
            "admin_state_up": true,
            "all_tags": [],
            "description": "",
            "external_fixed_ips": [
              {
                "ip_address": "212.233.91.105",
                "subnet_id": "4675a124-2b97-4e75-8f23-82dc7d53c820"
              }
            ],
            "external_network_id": "ec8c610e-6387-447e-83d2-d2c541e88164",
            "id": "605bbb16-61e9-4f7f-a9b3-ca6df5f2a218",
            "name": "router-tf-example",
            "region": "RegionOne",
            "sdn": "sprut",
            "tags": [],
            "timeouts": null,
            "value_specs": null,
            "vendor_options": []
          },
          "sensitive_attributes": [],
          "private": "eyJlMmJmYjczMC1lY2FhLTExZTYtOGY4OC0zNDM2M2JjN2M0YzAiOnsiY3JlYXRlIjo2MDAwMDAwMDAwMDAsImRlbGV0ZSI6NjAwMDAwMDAwMDAwfX0=",
          "dependencies": [
            "data.vkcs_networking_network.internet"
          ]
        }
      ]
    },
    {
      "mode": "managed",
      "type": "vkcs_networking_router_interface",
      "name": "app",
      "provider": "provider[\"registry.terraform.io/vk-cs/vkcs\"]",
      "instances": [
        {
          "schema_version": 0,
          "attributes": {
            "id": "df7145a5-029a-4d20-b89a-07f1eb07ce69",
            "port_id": "df7145a5-029a-4d20-b89a-07f1eb07ce69",
            "region": "RegionOne",
            "router_id": "605bbb16-61e9-4f7f-a9b3-ca6df5f2a218",
            "sdn": "sprut",
            "subnet_id": "b0312c40-eddd-415e-8883-a2196fc69515",
            "timeouts": null
          },
          "sensitive_attributes": [],
          "private": "eyJlMmJmYjczMC1lY2FhLTExZTYtOGY4OC0zNDM2M2JjN2M0YzAiOnsiY3JlYXRlIjo2MDAwMDAwMDAwMDAsImRlbGV0ZSI6NjAwMDAwMDAwMDAwfX0=",
          "dependencies": [
            "data.vkcs_networking_network.internet",
            "vkcs_networking_network.app",
            "vkcs_networking_router.router",
            "vkcs_networking_subnet.app"
          ]
        }
      ]
    },
    {
      "mode": "managed",
      "type": "vkcs_networking_secgroup",
      "name": "admin",
      "provider": "provider[\"registry.terraform.io/vk-cs/vkcs\"]",
      "instances": [
        {
          "schema_version": 0,
          "attributes": {
            "all_tags": [],
            "delete_default_rules": null,
            "description": "",
            "id": "d3646631-cabc-4947-8fd5-9cf4ae46ee87",
            "name": "icmp",
            "region": "RegionOne",
            "sdn": "sprut",
            "tags": [],
            "timeouts": null
          },
          "sensitive_attributes": [],
          "private": "eyJlMmJmYjczMC1lY2FhLTExZTYtOGY4OC0zNDM2M2JjN2M0YzAiOnsiZGVsZXRlIjo2MDAwMDAwMDAwMDB9fQ=="
        }
      ]
    },
    {
      "mode": "managed",
      "type": "vkcs_networking_secgroup_rule",
      "name": "etcd_app_clients",
      "provider": "provider[\"registry.terraform.io/vk-cs/vkcs\"]",
      "instances": [
        {
          "schema_version": 0,
          "attributes": {
            "description": "",
            "direction": "ingress",
            "ethertype": "IPv4",
            "id": "f3b5f78c-e1b6-4ebd-92d5-fce91f0cbdcb",
            "port_range_max": 0,
            "port_range_min": 0,
            "protocol": "icmp",
            "region": "RegionOne",
            "remote_group_id": "",
            "remote_ip_prefix": "0.0.0.0/0",
            "sdn": "sprut",
            "security_group_id": "d3646631-cabc-4947-8fd5-9cf4ae46ee87",
            "timeouts": null
          },
          "sensitive_attributes": [],
          "private": "eyJlMmJmYjczMC1lY2FhLTExZTYtOGY4OC0zNDM2M2JjN2M0YzAiOnsiZGVsZXRlIjo2MDAwMDAwMDAwMDB9fQ==",
          "dependencies": [
            "vkcs_networking_secgroup.admin"
          ]
        }
      ]
    },
    {
      "mode": "managed",
      "type": "vkcs_networking_secgroup_rule",
      "name": "web443",
      "provider": "provider[\"registry.terraform.io/vk-cs/vkcs\"]",
      "instances": [
        {
          "schema_version": 0,
          "attributes": {
            "description": "",
            "direction": "ingress",
            "ethertype": "IPv4",
            "id": "f10e9e75-e247-41fd-8cc5-a27491f001bd",
            "port_range_max": 443,
            "port_range_min": 443,
            "protocol": "tcp",
            "region": "RegionOne",
            "remote_group_id": "",
            "remote_ip_prefix": "0.0.0.0/0",
            "sdn": "sprut",
            "security_group_id": "d3646631-cabc-4947-8fd5-9cf4ae46ee87",
            "timeouts": null
          },
          "sensitive_attributes": [],
          "private": "eyJlMmJmYjczMC1lY2FhLTExZTYtOGY4OC0zNDM2M2JjN2M0YzAiOnsiZGVsZXRlIjo2MDAwMDAwMDAwMDB9fQ==",
          "dependencies": [
            "vkcs_networking_secgroup.admin"
          ]
        }
      ]
    },
    {
      "mode": "managed",
      "type": "vkcs_networking_secgroup_rule",
      "name": "web80",
      "provider": "provider[\"registry.terraform.io/vk-cs/vkcs\"]",
      "instances": [
        {
          "schema_version": 0,
          "attributes": {
            "description": "",
            "direction": "ingress",
            "ethertype": "IPv4",
            "id": "7c4838b7-fe63-4b66-854e-8cca73db83f2",
            "port_range_max": 80,
            "port_range_min": 80,
            "protocol": "tcp",
            "region": "RegionOne",
            "remote_group_id": "",
            "remote_ip_prefix": "0.0.0.0/0",
            "sdn": "sprut",
            "security_group_id": "d3646631-cabc-4947-8fd5-9cf4ae46ee87",
            "timeouts": null
          },
          "sensitive_attributes": [],
          "private": "eyJlMmJmYjczMC1lY2FhLTExZTYtOGY4OC0zNDM2M2JjN2M0YzAiOnsiZGVsZXRlIjo2MDAwMDAwMDAwMDB9fQ==",
          "dependencies": [
            "vkcs_networking_secgroup.admin"
          ]
        }
      ]
    },
    {
      "mode": "managed",
      "type": "vkcs_networking_subnet",
      "name": "app",
      "provider": "provider[\"registry.terraform.io/vk-cs/vkcs\"]",
      "instances": [
        {
          "schema_version": 0,
          "attributes": {
            "all_tags": [],
            "allocation_pool": [
              {
                "end": "192.168.199.253",
                "start": "192.168.199.1"
              }
            ],
            "cidr": "192.168.199.0/24",
            "description": "",
            "dns_nameservers": [],
            "enable_dhcp": true,
            "gateway_ip": "192.168.199.254",
            "id": "b0312c40-eddd-415e-8883-a2196fc69515",
            "name": "example-tf-subnet",
            "network_id": "b53da837-f0a4-43a5-8b05-8e4ad72a1064",
            "no_gateway": false,
            "prefix_length": null,
            "region": "RegionOne",
            "sdn": "sprut",
            "subnetpool_id": "",
            "tags": [],
            "timeouts": null,
            "value_specs": null
          },
          "sensitive_attributes": [],
          "private": "eyJlMmJmYjczMC1lY2FhLTExZTYtOGY4OC0zNDM2M2JjN2M0YzAiOnsiY3JlYXRlIjo2MDAwMDAwMDAwMDAsImRlbGV0ZSI6NjAwMDAwMDAwMDAwfX0=",
          "dependencies": [
            "vkcs_networking_network.app"
          ]
        }
      ]
    }
  ],
  "check_results": null
}
